
Microsoft Visual Studio Solution File, Format Version 12.00
# Visual Studio Version 16
VisualStudioVersion = 16.0.30717.126
MinimumVisualStudioVersion = 10.0.40219.1
Project("{FAE04EC0-301F-11D3-BF4B-00C04F79EFBC}") = "cleaner", "cleaner.csproj", "{B1EF2AC9-57C8-463B-B44E-5782BC8D931C}"
EndProject
Global
	GlobalSection(SolutionConfigurationPlatforms) = preSolution
		Debug|Any CPU = Debug|Any CPU
		Release|Any CPU = Release|Any CPU
	EndGlobalSection
	GlobalSection(ProjectConfigurationPlatforms) = postSolution
		{B1EF2AC9-57C8-463B-B44E-5782BC8D931C}.Debug|Any CPU.ActiveCfg = Debug|Any CPU
		{B1EF2AC9-57C8-463B-B44E-5782BC8D931C}.Debug|Any CPU.Build.0 = Debug|Any CPU
		{B1EF2AC9-57C8-463B-B44E-5782BC8D931C}.Release|Any CPU.ActiveCfg = Release|Any CPU
		{B1EF2AC9-57C8-463B-B44E-5782BC8D931C}.Release|Any CPU.Build.0 = Release|Any CPU
	EndGlobalSection
	GlobalSection(SolutionProperties) = preSolution
		HideSolutionNode = FALSE
	EndGlobalSection
	GlobalSection(ExtensibilityGlobals) = postSolution
		SolutionGuid = {744C4A81-A717-426D-BFF7-FC61972D0969}
	EndGlobalSection
EndGlobal
